
Microsoft Visual Studio Solution File, Format Version 12.00
Project("{FAE04EC0-301F-11D3-BF4B-00C04F79EFBC}") = "SCVE.Editor", "SCVE.Editor\SCVE.Editor.csproj", "{B60E63C3-A9E6-4697-B197-E913E8114D79}"
EndProject
Project("{FAE04EC0-301F-11D3-BF4B-00C04F79EFBC}") = "SCVE.Editor.Core", "SCVE.Editor.Core\SCVE.Editor.Core.csproj", "{E687DAEE-30FF-478F-9D5E-27C5A9796B06}"
EndProject
Project("{FAE04EC0-301F-11D3-BF4B-00C04F79EFBC}") = "SCVE.Exporters.Avi", "SCVE.Exporters.Avi\SCVE.Exporters.Avi.csproj", "{63D03B10-AE7D-4E22-A663-48B57EDB6FDA}"
EndProject
Project("{FAE04EC0-301F-11D3-BF4B-00C04F79EFBC}") = "SharpAvi", "..\SharpAvi\SharpAvi\SharpAvi.csproj", "{61688290-8701-4988-880E-871C250AABC7}"
EndProject
Project("{FAE04EC0-301F-11D3-BF4B-00C04F79EFBC}") = "SCVE.Editor.FileSystem", "SCVE.Editor.FileSystem\SCVE.Editor.FileSystem.csproj", "{CF7514AB-E29E-464C-A2F0-6A228D691721}"
EndProject
Global
	GlobalSection(SolutionConfigurationPlatforms) = preSolution
		Debug|Any CPU = Debug|Any CPU
		Release|Any CPU = Release|Any CPU
	EndGlobalSection
	GlobalSection(ProjectConfigurationPlatforms) = postSolution
		{B60E63C3-A9E6-4697-B197-E913E8114D79}.Debug|Any CPU.ActiveCfg = Debug|Any CPU
		{B60E63C3-A9E6-4697-B197-E913E8114D79}.Debug|Any CPU.Build.0 = Debug|Any CPU
		{B60E63C3-A9E6-4697-B197-E913E8114D79}.Release|Any CPU.ActiveCfg = Release|Any CPU
		{B60E63C3-A9E6-4697-B197-E913E8114D79}.Release|Any CPU.Build.0 = Release|Any CPU
		{E687DAEE-30FF-478F-9D5E-27C5A9796B06}.Debug|Any CPU.ActiveCfg = Debug|Any CPU
		{E687DAEE-30FF-478F-9D5E-27C5A9796B06}.Debug|Any CPU.Build.0 = Debug|Any CPU
		{E687DAEE-30FF-478F-9D5E-27C5A9796B06}.Release|Any CPU.ActiveCfg = Release|Any CPU
		{E687DAEE-30FF-478F-9D5E-27C5A9796B06}.Release|Any CPU.Build.0 = Release|Any CPU
		{63D03B10-AE7D-4E22-A663-48B57EDB6FDA}.Debug|Any CPU.ActiveCfg = Debug|Any CPU
		{63D03B10-AE7D-4E22-A663-48B57EDB6FDA}.Debug|Any CPU.Build.0 = Debug|Any CPU
		{63D03B10-AE7D-4E22-A663-48B57EDB6FDA}.Release|Any CPU.ActiveCfg = Release|Any CPU
		{63D03B10-AE7D-4E22-A663-48B57EDB6FDA}.Release|Any CPU.Build.0 = Release|Any CPU
		{61688290-8701-4988-880E-871C250AABC7}.Debug|Any CPU.ActiveCfg = Debug|Any CPU
		{61688290-8701-4988-880E-871C250AABC7}.Debug|Any CPU.Build.0 = Debug|Any CPU
		{61688290-8701-4988-880E-871C250AABC7}.Release|Any CPU.ActiveCfg = Release|Any CPU
		{61688290-8701-4988-880E-871C250AABC7}.Release|Any CPU.Build.0 = Release|Any CPU
		{CF7514AB-E29E-464C-A2F0-6A228D691721}.Debug|Any CPU.ActiveCfg = Debug|Any CPU
		{CF7514AB-E29E-464C-A2F0-6A228D691721}.Debug|Any CPU.Build.0 = Debug|Any CPU
		{CF7514AB-E29E-464C-A2F0-6A228D691721}.Release|Any CPU.ActiveCfg = Release|Any CPU
		{CF7514AB-E29E-464C-A2F0-6A228D691721}.Release|Any CPU.Build.0 = Release|Any CPU
	EndGlobalSection
EndGlobal
