
Microsoft Visual Studio Solution File, Format Version 12.00
Project("{FAE04EC0-301F-11D3-BF4B-00C04F79EFBC}") = "SCVE.Engine.Core", "SCVE.Engine.Core\SCVE.Engine.Core.csproj", "{C035B886-35DB-4795-9462-7E589189DCA6}"
EndProject
Project("{FAE04EC0-301F-11D3-BF4B-00C04F79EFBC}") = "SCVE.Engine.OpenTKBindings", "SCVE.Engine.OpenTKBindings\SCVE.Engine.OpenTKBindings.csproj", "{0A71FD7C-D9A1-4A95-A04F-B7D074B057E4}"
EndProject
Project("{FAE04EC0-301F-11D3-BF4B-00C04F79EFBC}") = "SCVE.Engine.ImageSharpBindings", "SCVE.Engine.ImageSharpBindings\SCVE.Engine.ImageSharpBindings.csproj", "{CD6F55D9-A988-48D3-B158-E2EA2F943440}"
EndProject
Project("{FAE04EC0-301F-11D3-BF4B-00C04F79EFBC}") = "SCVE.Engine.Platform.Windows", "SCVE.Engine.Platform.Windows\SCVE.Engine.Platform.Windows.csproj", "{4656908D-8EAC-48F6-B5C8-32EBF344BEF6}"
EndProject
Project("{FAE04EC0-301F-11D3-BF4B-00C04F79EFBC}") = "SCVE.Engine.Default", "SCVE.Engine.Default\SCVE.Engine.Default.csproj", "{6C9884E1-45FC-4222-8BBE-AB739D6B7E34}"
EndProject
Project("{FAE04EC0-301F-11D3-BF4B-00C04F79EFBC}") = "SCVE.Editor", "SCVE.Editor\SCVE.Editor.csproj", "{B60E63C3-A9E6-4697-B197-E913E8114D79}"
EndProject
Project("{FAE04EC0-301F-11D3-BF4B-00C04F79EFBC}") = "SilkTest", "SilkTest\SilkTest.csproj", "{99C73732-D1C5-4AA7-BA12-5F922489B45A}"
EndProject
Global
	GlobalSection(SolutionConfigurationPlatforms) = preSolution
		Debug|Any CPU = Debug|Any CPU
		Release|Any CPU = Release|Any CPU
	EndGlobalSection
	GlobalSection(ProjectConfigurationPlatforms) = postSolution
		{C035B886-35DB-4795-9462-7E589189DCA6}.Debug|Any CPU.ActiveCfg = Debug|Any CPU
		{C035B886-35DB-4795-9462-7E589189DCA6}.Debug|Any CPU.Build.0 = Debug|Any CPU
		{C035B886-35DB-4795-9462-7E589189DCA6}.Release|Any CPU.ActiveCfg = Release|Any CPU
		{C035B886-35DB-4795-9462-7E589189DCA6}.Release|Any CPU.Build.0 = Release|Any CPU
		{0A71FD7C-D9A1-4A95-A04F-B7D074B057E4}.Debug|Any CPU.ActiveCfg = Debug|Any CPU
		{0A71FD7C-D9A1-4A95-A04F-B7D074B057E4}.Debug|Any CPU.Build.0 = Debug|Any CPU
		{0A71FD7C-D9A1-4A95-A04F-B7D074B057E4}.Release|Any CPU.ActiveCfg = Release|Any CPU
		{0A71FD7C-D9A1-4A95-A04F-B7D074B057E4}.Release|Any CPU.Build.0 = Release|Any CPU
		{CD6F55D9-A988-48D3-B158-E2EA2F943440}.Debug|Any CPU.ActiveCfg = Debug|Any CPU
		{CD6F55D9-A988-48D3-B158-E2EA2F943440}.Debug|Any CPU.Build.0 = Debug|Any CPU
		{CD6F55D9-A988-48D3-B158-E2EA2F943440}.Release|Any CPU.ActiveCfg = Release|Any CPU
		{CD6F55D9-A988-48D3-B158-E2EA2F943440}.Release|Any CPU.Build.0 = Release|Any CPU
		{4656908D-8EAC-48F6-B5C8-32EBF344BEF6}.Debug|Any CPU.ActiveCfg = Debug|Any CPU
		{4656908D-8EAC-48F6-B5C8-32EBF344BEF6}.Debug|Any CPU.Build.0 = Debug|Any CPU
		{4656908D-8EAC-48F6-B5C8-32EBF344BEF6}.Release|Any CPU.ActiveCfg = Release|Any CPU
		{4656908D-8EAC-48F6-B5C8-32EBF344BEF6}.Release|Any CPU.Build.0 = Release|Any CPU
		{6C9884E1-45FC-4222-8BBE-AB739D6B7E34}.Debug|Any CPU.ActiveCfg = Debug|Any CPU
		{6C9884E1-45FC-4222-8BBE-AB739D6B7E34}.Debug|Any CPU.Build.0 = Debug|Any CPU
		{6C9884E1-45FC-4222-8BBE-AB739D6B7E34}.Release|Any CPU.ActiveCfg = Release|Any CPU
		{6C9884E1-45FC-4222-8BBE-AB739D6B7E34}.Release|Any CPU.Build.0 = Release|Any CPU
		{B60E63C3-A9E6-4697-B197-E913E8114D79}.Debug|Any CPU.ActiveCfg = Debug|Any CPU
		{B60E63C3-A9E6-4697-B197-E913E8114D79}.Debug|Any CPU.Build.0 = Debug|Any CPU
		{B60E63C3-A9E6-4697-B197-E913E8114D79}.Release|Any CPU.ActiveCfg = Release|Any CPU
		{B60E63C3-A9E6-4697-B197-E913E8114D79}.Release|Any CPU.Build.0 = Release|Any CPU
		{99C73732-D1C5-4AA7-BA12-5F922489B45A}.Debug|Any CPU.ActiveCfg = Debug|Any CPU
		{99C73732-D1C5-4AA7-BA12-5F922489B45A}.Debug|Any CPU.Build.0 = Debug|Any CPU
		{99C73732-D1C5-4AA7-BA12-5F922489B45A}.Release|Any CPU.ActiveCfg = Release|Any CPU
		{99C73732-D1C5-4AA7-BA12-5F922489B45A}.Release|Any CPU.Build.0 = Release|Any CPU
	EndGlobalSection
EndGlobal
